
Microsoft Visual Studio Solution File, Format Version 12.00
# Visual Studio Version 17
VisualStudioVersion = 17.5.002.0
MinimumVisualStudioVersion = 10.0.40219.1
Project("{9A19103F-16F7-4668-BE54-9A1E7A4F7556}") = "Azure-Resume", "Azure-Resume.csproj", "{3CF1A02B-462C-4657-9349-5C1BC8E6C3FB}"
EndProject
Project("{2150E333-8FDC-42A3-9474-1A3956D46DE8}") = "backend", "backend", "{D5C1A39D-6521-4F19-870A-64131CEBCEA7}"
EndProject
Project("{9A19103F-16F7-4668-BE54-9A1E7A4F7556}") = "api", "backend\api\api.csproj", "{14367480-7F1C-4047-A350-721A1710C36B}"
EndProject
Global
	GlobalSection(SolutionConfigurationPlatforms) = preSolution
		Debug|Any CPU = Debug|Any CPU
		Release|Any CPU = Release|Any CPU
	EndGlobalSection
	GlobalSection(ProjectConfigurationPlatforms) = postSolution
		{3CF1A02B-462C-4657-9349-5C1BC8E6C3FB}.Debug|Any CPU.ActiveCfg = Debug|Any CPU
		{3CF1A02B-462C-4657-9349-5C1BC8E6C3FB}.Debug|Any CPU.Build.0 = Debug|Any CPU
		{3CF1A02B-462C-4657-9349-5C1BC8E6C3FB}.Release|Any CPU.ActiveCfg = Release|Any CPU
		{3CF1A02B-462C-4657-9349-5C1BC8E6C3FB}.Release|Any CPU.Build.0 = Release|Any CPU
		{14367480-7F1C-4047-A350-721A1710C36B}.Debug|Any CPU.ActiveCfg = Debug|Any CPU
		{14367480-7F1C-4047-A350-721A1710C36B}.Debug|Any CPU.Build.0 = Debug|Any CPU
		{14367480-7F1C-4047-A350-721A1710C36B}.Release|Any CPU.ActiveCfg = Release|Any CPU
		{14367480-7F1C-4047-A350-721A1710C36B}.Release|Any CPU.Build.0 = Release|Any CPU
	EndGlobalSection
	GlobalSection(SolutionProperties) = preSolution
		HideSolutionNode = FALSE
	EndGlobalSection
	GlobalSection(NestedProjects) = preSolution
		{14367480-7F1C-4047-A350-721A1710C36B} = {D5C1A39D-6521-4F19-870A-64131CEBCEA7}
	EndGlobalSection
	GlobalSection(ExtensibilityGlobals) = postSolution
		SolutionGuid = {A10DFB63-E532-48B4-9354-4FE0615D56F7}
	EndGlobalSection
EndGlobal
